
Microsoft Visual Studio Solution File, Format Version 12.00
# Visual Studio Version 17
VisualStudioVersion = 17.7.34009.444
MinimumVisualStudioVersion = 10.0.40219.1
Project("{9A19103F-16F7-4668-BE54-9A1E7A4F7556}") = "Signal_ChatR_WebApi", "Signal_ChatR_WebApi\Signal_ChatR_WebApi.csproj", "{444C1B12-0BF9-4E40-9816-AB34708D6D89}"
EndProject
Project("{54A90642-561A-4BB1-A94E-469ADEE60C69}") = "signal_chatr_web", "Signal_ChatR_Web\signal_chatr_web.esproj", "{036B9F10-7ED5-44C7-84FF-773CEC92D639}"
EndProject
Global
	GlobalSection(SolutionConfigurationPlatforms) = preSolution
		Debug|Any CPU = Debug|Any CPU
		Release|Any CPU = Release|Any CPU
	EndGlobalSection
	GlobalSection(ProjectConfigurationPlatforms) = postSolution
		{444C1B12-0BF9-4E40-9816-AB34708D6D89}.Debug|Any CPU.ActiveCfg = Debug|Any CPU
		{444C1B12-0BF9-4E40-9816-AB34708D6D89}.Debug|Any CPU.Build.0 = Debug|Any CPU
		{444C1B12-0BF9-4E40-9816-AB34708D6D89}.Release|Any CPU.ActiveCfg = Release|Any CPU
		{444C1B12-0BF9-4E40-9816-AB34708D6D89}.Release|Any CPU.Build.0 = Release|Any CPU
		{036B9F10-7ED5-44C7-84FF-773CEC92D639}.Debug|Any CPU.ActiveCfg = Debug|Any CPU
		{036B9F10-7ED5-44C7-84FF-773CEC92D639}.Debug|Any CPU.Build.0 = Debug|Any CPU
		{036B9F10-7ED5-44C7-84FF-773CEC92D639}.Debug|Any CPU.Deploy.0 = Debug|Any CPU
		{036B9F10-7ED5-44C7-84FF-773CEC92D639}.Release|Any CPU.ActiveCfg = Release|Any CPU
		{036B9F10-7ED5-44C7-84FF-773CEC92D639}.Release|Any CPU.Build.0 = Release|Any CPU
		{036B9F10-7ED5-44C7-84FF-773CEC92D639}.Release|Any CPU.Deploy.0 = Release|Any CPU
	EndGlobalSection
	GlobalSection(SolutionProperties) = preSolution
		HideSolutionNode = FALSE
	EndGlobalSection
	GlobalSection(ExtensibilityGlobals) = postSolution
		SolutionGuid = {1466DFB2-D815-4B59-A74A-A34F81108C58}
	EndGlobalSection
EndGlobal
